# This file was autogenerated by Stack.
# You should not edit this file by hand.
# For more information, please see the documentation at:
#   https://docs.haskellstack.org/en/stable/lock_files

packages:
- completed:
    hackage: inline-c-0.5.6.1@sha256:c4b01035f3cb4ebd073ac95ac8be4a740c73d005217188d2f6cc3f11f5ee1c61,3319
    pantry-tree:
      size: 1420
      sha256: b9a585d8fcd22dd3cc68381cebdb54c09126f9773463a3c52df924f9b71ed032
  original:
    hackage: inline-c-0.5.6.1
- completed:
    hackage: ADPfusion-0.4.1.1@sha256:67eee59cb7b0c1e1552c21f44834ca62c9715b0fb6b60395134f35536e4dd5cd,13719
    pantry-tree:
      size: 4651
      sha256: 6d520b2ff86b27fc941246c5097f1fe89bfc6fd7b6a4ba719d640aee19073d65
  original:
    hackage: ADPfusion-0.4.1.1@sha256:67eee59cb7b0c1e1552c21f44834ca62c9715b0fb6b60395134f35536e4dd5cd,13719
- completed:
    hackage: FormalGrammars-0.2.1.1@sha256:3b2ee40eeeb0ec7f7ec97614e1733453346519dea30460ec53ad26401cb13564,7395
    pantry-tree:
      size: 1419
      sha256: 8fc0ee743aa74fa38fef2e73c48b9bc5a0d03b43f86149f29ecda70690940332
  original:
    hackage: FormalGrammars-0.2.1.1@sha256:3b2ee40eeeb0ec7f7ec97614e1733453346519dea30460ec53ad26401cb13564,7395
- completed:
    hackage: PrimitiveArray-0.6.1.0@sha256:a4f6909139f31e99447289839d7830ca9baf5dc0d938576d7308f1d798bd0592,4085
    pantry-tree:
      size: 1355
      sha256: 245aee0dbba9f0a8250d2bfd54afbe6fe2e1ab080dcbb43d4ce6e11d7bc4bc92
  original:
    hackage: PrimitiveArray-0.6.1.0@sha256:a4f6909139f31e99447289839d7830ca9baf5dc0d938576d7308f1d798bd0592,4085
- completed:
    hackage: OrderedBits-0.0.0.3@sha256:0ec273151bbd2fc8f415212ef6caac8553567fadf03422ac7644335fe3e99169,2803
    pantry-tree:
      size: 507
      sha256: 6736ca6461d2664d589f349265a9679d9a617ad720df9d40c5fb2799736336eb
  original:
    hackage: OrderedBits-0.0.0.3@sha256:0ec273151bbd2fc8f415212ef6caac8553567fadf03422ac7644335fe3e99169,2803
snapshots:
- completed:
    size: 285839
    url: https://raw.githubusercontent.com/commercialhaskell/stackage-snapshots/master/lts/3/22.yaml
    sha256: 2dbef28cadb2ba699f34699506150cc9f231278bf8791ff6d80cb00800128d3a
  original: lts-3.22
